
Microsoft Visual Studio Solution File, Format Version 12.00
# Visual Studio Version 17
VisualStudioVersion = 17.9.34622.214
MinimumVisualStudioVersion = 10.0.40219.1
Project("{9A19103F-16F7-4668-BE54-9A1E7A4F7556}") = "GuildWars2APIWpfApp", "GuildWars2APIWpfApp.csproj", "{1653EF7F-22B8-45F4-A852-75B556187B4F}"
EndProject
Project("{FAE04EC0-301F-11D3-BF4B-00C04F79EFBC}") = "TestingGuildWars2ApiWpfApp", "testing\TestingGuildWars2ApiWpfApp\TestingGuildWars2ApiWpfApp.csproj", "{F61D6283-BE33-4D69-94A3-33C8D8F3F23D}"
EndProject
Global
	GlobalSection(SolutionConfigurationPlatforms) = preSolution
		Debug|Any CPU = Debug|Any CPU
		Debug|x64 = Debug|x64
		Release|Any CPU = Release|Any CPU
		Release|x64 = Release|x64
	EndGlobalSection
	GlobalSection(ProjectConfigurationPlatforms) = postSolution
		{1653EF7F-22B8-45F4-A852-75B556187B4F}.Debug|Any CPU.ActiveCfg = Debug|Any CPU
		{1653EF7F-22B8-45F4-A852-75B556187B4F}.Debug|Any CPU.Build.0 = Debug|Any CPU
		{1653EF7F-22B8-45F4-A852-75B556187B4F}.Debug|x64.ActiveCfg = Debug|x64
		{1653EF7F-22B8-45F4-A852-75B556187B4F}.Debug|x64.Build.0 = Debug|x64
		{1653EF7F-22B8-45F4-A852-75B556187B4F}.Release|Any CPU.ActiveCfg = Release|Any CPU
		{1653EF7F-22B8-45F4-A852-75B556187B4F}.Release|Any CPU.Build.0 = Release|Any CPU
		{1653EF7F-22B8-45F4-A852-75B556187B4F}.Release|x64.ActiveCfg = Release|Any CPU
		{F61D6283-BE33-4D69-94A3-33C8D8F3F23D}.Debug|Any CPU.ActiveCfg = Debug|Any CPU
		{F61D6283-BE33-4D69-94A3-33C8D8F3F23D}.Debug|Any CPU.Build.0 = Debug|Any CPU
		{F61D6283-BE33-4D69-94A3-33C8D8F3F23D}.Debug|x64.ActiveCfg = Debug|Any CPU
		{F61D6283-BE33-4D69-94A3-33C8D8F3F23D}.Debug|x64.Build.0 = Debug|Any CPU
		{F61D6283-BE33-4D69-94A3-33C8D8F3F23D}.Release|Any CPU.ActiveCfg = Release|Any CPU
		{F61D6283-BE33-4D69-94A3-33C8D8F3F23D}.Release|Any CPU.Build.0 = Release|Any CPU
		{F61D6283-BE33-4D69-94A3-33C8D8F3F23D}.Release|x64.ActiveCfg = Release|Any CPU
		{F61D6283-BE33-4D69-94A3-33C8D8F3F23D}.Release|x64.Build.0 = Release|Any CPU
	EndGlobalSection
	GlobalSection(SolutionProperties) = preSolution
		HideSolutionNode = FALSE
	EndGlobalSection
	GlobalSection(ExtensibilityGlobals) = postSolution
		SolutionGuid = {EF1A0D2F-7993-4CED-9A2E-2641C78C9A2E}
	EndGlobalSection
EndGlobal
